
Microsoft Visual Studio Solution File, Format Version 12.00
# Visual Studio Version 17
VisualStudioVersion = 17.9.34622.214
MinimumVisualStudioVersion = 10.0.40219.1
Project("{FAE04EC0-301F-11D3-BF4B-00C04F79EFBC}") = "VerteMark", "VerteMark\VerteMark.csproj", "{FB7E492F-B330-4412-8C57-8C5846826D7B}"
EndProject
Global
	GlobalSection(SolutionConfigurationPlatforms) = preSolution
		Debug|Any CPU = Debug|Any CPU
		Release|Any CPU = Release|Any CPU
	EndGlobalSection
	GlobalSection(ProjectConfigurationPlatforms) = postSolution
		{FB7E492F-B330-4412-8C57-8C5846826D7B}.Debug|Any CPU.ActiveCfg = Debug|Any CPU
		{FB7E492F-B330-4412-8C57-8C5846826D7B}.Debug|Any CPU.Build.0 = Debug|Any CPU
		{FB7E492F-B330-4412-8C57-8C5846826D7B}.Release|Any CPU.ActiveCfg = Release|Any CPU
		{FB7E492F-B330-4412-8C57-8C5846826D7B}.Release|Any CPU.Build.0 = Release|Any CPU
	EndGlobalSection
	GlobalSection(SolutionProperties) = preSolution
		HideSolutionNode = FALSE
	EndGlobalSection
	GlobalSection(ExtensibilityGlobals) = postSolution
		SolutionGuid = {E7EFA046-0062-4DB4-8476-4EF6DB921955}
	EndGlobalSection
EndGlobal
